// !$*UTF8*$!
{
	archiveVersion = 1;
	classes = {
	};
	objectVersion = 50;
	objects = {

/* Begin PBXBuildFile section */
		0C61D8BCB60A4E172D4C6D7D /* Pods_Coin95.framework in Frameworks */ = {isa = PBXBuildFile; fileRef = 229EA8B35611509A2E9B7191 /* Pods_Coin95.framework */; };
		795EF7DF20FF223900BFACB7 /* AppDelegate.swift in Sources */ = {isa = PBXBuildFile; fileRef = 795EF7DE20FF223900BFACB7 /* AppDelegate.swift */; };
		795EF7E320FF237500BFACB7 /* CoinPricesViewController.swift in Sources */ = {isa = PBXBuildFile; fileRef = 795EF7E220FF237500BFACB7 /* CoinPricesViewController.swift */; };
		795EF7E520FF239200BFACB7 /* SettingsViewController.swift in Sources */ = {isa = PBXBuildFile; fileRef = 795EF7E420FF239200BFACB7 /* SettingsViewController.swift */; };
		795EF7EB211F1BA500BFACB7 /* Coordinator.swift in Sources */ = {isa = PBXBuildFile; fileRef = 795EF7EA211F1BA500BFACB7 /* Coordinator.swift */; };
		795EF7ED211F1BCF00BFACB7 /* AppCoordinator.swift in Sources */ = {isa = PBXBuildFile; fileRef = 795EF7EC211F1BCF00BFACB7 /* AppCoordinator.swift */; };
		795EF7EF211F20B900BFACB7 /* CoinPricesCoordinator.swift in Sources */ = {isa = PBXBuildFile; fileRef = 795EF7EE211F20B900BFACB7 /* CoinPricesCoordinator.swift */; };
		795EF7F1211F20C500BFACB7 /* SettingsCoordinator.swift in Sources */ = {isa = PBXBuildFile; fileRef = 795EF7F0211F20C500BFACB7 /* SettingsCoordinator.swift */; };
		795EF7F7211F39C600BFACB7 /* SettingsViewController.xib in Resources */ = {isa = PBXBuildFile; fileRef = 795EF7F6211F39C600BFACB7 /* SettingsViewController.xib */; };
		795EF7FD211F3ADC00BFACB7 /* CoinPriceCell.swift in Sources */ = {isa = PBXBuildFile; fileRef = 795EF7FC211F3ADC00BFACB7 /* CoinPriceCell.swift */; };
		795EF7FF211F431800BFACB7 /* CoinPrices.storyboard in Resources */ = {isa = PBXBuildFile; fileRef = 795EF7FE211F431800BFACB7 /* CoinPrices.storyboard */; };
		795EF80121202B5400BFACB7 /* AppModels.swift in Sources */ = {isa = PBXBuildFile; fileRef = 795EF80021202B5400BFACB7 /* AppModels.swift */; };
		795EF8102127330300BFACB7 /* CoinPricesUseCases.swift in Sources */ = {isa = PBXBuildFile; fileRef = 795EF80F2127330300BFACB7 /* CoinPricesUseCases.swift */; };
		795EF8122127333C00BFACB7 /* CoinPricesModels.swift in Sources */ = {isa = PBXBuildFile; fileRef = 795EF8112127333C00BFACB7 /* CoinPricesModels.swift */; };
		795EF81421274C6100BFACB7 /* CoinPricesInteractor.swift in Sources */ = {isa = PBXBuildFile; fileRef = 795EF81321274C6100BFACB7 /* CoinPricesInteractor.swift */; };
		795EF81621274D7000BFACB7 /* CoinPricesPresenter.swift in Sources */ = {isa = PBXBuildFile; fileRef = 795EF81521274D7000BFACB7 /* CoinPricesPresenter.swift */; };
		7969C00D20FF15A600852919 /* Assets.xcassets in Resources */ = {isa = PBXBuildFile; fileRef = 7969C00C20FF15A600852919 /* Assets.xcassets */; };
		799E88F1213448BF00454842 /* Point.swift in Sources */ = {isa = PBXBuildFile; fileRef = 799E88F0213448BF00454842 /* Point.swift */; };
		799E88F32134648A00454842 /* Formatter.swift in Sources */ = {isa = PBXBuildFile; fileRef = 799E88F22134648A00454842 /* Formatter.swift */; };
		799E88F521346EDE00454842 /* CryptoCompareApi.swift in Sources */ = {isa = PBXBuildFile; fileRef = 799E88F421346EDE00454842 /* CryptoCompareApi.swift */; };
		799E88F721346F3E00454842 /* FetchAllCoins.swift in Sources */ = {isa = PBXBuildFile; fileRef = 799E88F621346F3E00454842 /* FetchAllCoins.swift */; };
		79B14630212C2BA50074A94A /* Network.swift in Sources */ = {isa = PBXBuildFile; fileRef = 79B1462F212C2BA50074A94A /* Network.swift */; };
		79B14636212C3FC20074A94A /* Storage.swift in Sources */ = {isa = PBXBuildFile; fileRef = 79B14635212C3FC20074A94A /* Storage.swift */; };
		79B14638212C3FFE0074A94A /* PersistentObject.swift in Sources */ = {isa = PBXBuildFile; fileRef = 79B14637212C3FFE0074A94A /* PersistentObject.swift */; };
		79B1463A212C41060074A94A /* Sorted.swift in Sources */ = {isa = PBXBuildFile; fileRef = 79B14639212C41060074A94A /* Sorted.swift */; };
		79B1463C212C4D6A0074A94A /* RealmStorage.swift in Sources */ = {isa = PBXBuildFile; fileRef = 79B1463B212C4D6A0074A94A /* RealmStorage.swift */; };
		79B1463E212C4E8A0074A94A /* StorageConfiguration.swift in Sources */ = {isa = PBXBuildFile; fileRef = 79B1463D212C4E8A0074A94A /* StorageConfiguration.swift */; };
		79B14640212C504C0074A94A /* FetchResult.swift in Sources */ = {isa = PBXBuildFile; fileRef = 79B1463F212C504C0074A94A /* FetchResult.swift */; };
		79B14647212C53870074A94A /* Coin.swift in Sources */ = {isa = PBXBuildFile; fileRef = 79B14646212C53870074A94A /* Coin.swift */; };
		79B1465C213035810074A94A /* ArrowView.swift in Sources */ = {isa = PBXBuildFile; fileRef = 79B1465B213035810074A94A /* ArrowView.swift */; };
		79CE64A121354E0500CDB432 /* FetchCoinPrices.swift in Sources */ = {isa = PBXBuildFile; fileRef = 79CE64A021354E0500CDB432 /* FetchCoinPrices.swift */; };
		79CE64A52135627E00CDB432 /* Price.swift in Sources */ = {isa = PBXBuildFile; fileRef = 79CE64A42135627E00CDB432 /* Price.swift */; };
		79D5E11B213527A000CA3CD4 /* CoinPricesWorker.swift in Sources */ = {isa = PBXBuildFile; fileRef = 79D5E11A213527A000CA3CD4 /* CoinPricesWorker.swift */; };
/* End PBXBuildFile section */

/* Begin PBXFileReference section */
		12ED2010B24A3E5EA952B245 /* Pods-Coin95.debug.xcconfig */ = {isa = PBXFileReference; includeInIndex = 1; lastKnownFileType = text.xcconfig; name = "Pods-Coin95.debug.xcconfig"; path = "Pods/Target Support Files/Pods-Coin95/Pods-Coin95.debug.xcconfig"; sourceTree = "<group>"; };
		229EA8B35611509A2E9B7191 /* Pods_Coin95.framework */ = {isa = PBXFileReference; explicitFileType = wrapper.framework; includeInIndex = 0; path = Pods_Coin95.framework; sourceTree = BUILT_PRODUCTS_DIR; };
		795EF7DE20FF223900BFACB7 /* AppDelegate.swift */ = {isa = PBXFileReference; fileEncoding = 4; lastKnownFileType = sourcecode.swift; path = AppDelegate.swift; sourceTree = "<group>"; };
		795EF7E220FF237500BFACB7 /* CoinPricesViewController.swift */ = {isa = PBXFileReference; lastKnownFileType = sourcecode.swift; path = CoinPricesViewController.swift; sourceTree = "<group>"; };
		795EF7E420FF239200BFACB7 /* SettingsViewController.swift */ = {isa = PBXFileReference; lastKnownFileType = sourcecode.swift; path = SettingsViewController.swift; sourceTree = "<group>"; };
		795EF7EA211F1BA500BFACB7 /* Coordinator.swift */ = {isa = PBXFileReference; lastKnownFileType = sourcecode.swift; path = Coordinator.swift; sourceTree = "<group>"; };
		795EF7EC211F1BCF00BFACB7 /* AppCoordinator.swift */ = {isa = PBXFileReference; lastKnownFileType = sourcecode.swift; path = AppCoordinator.swift; sourceTree = "<group>"; };
		795EF7EE211F20B900BFACB7 /* CoinPricesCoordinator.swift */ = {isa = PBXFileReference; lastKnownFileType = sourcecode.swift; path = CoinPricesCoordinator.swift; sourceTree = "<group>"; };
		795EF7F0211F20C500BFACB7 /* SettingsCoordinator.swift */ = {isa = PBXFileReference; lastKnownFileType = sourcecode.swift; path = SettingsCoordinator.swift; sourceTree = "<group>"; };
		795EF7F6211F39C600BFACB7 /* SettingsViewController.xib */ = {isa = PBXFileReference; lastKnownFileType = file.xib; path = SettingsViewController.xib; sourceTree = "<group>"; };
		795EF7FC211F3ADC00BFACB7 /* CoinPriceCell.swift */ = {isa = PBXFileReference; lastKnownFileType = sourcecode.swift; path = CoinPriceCell.swift; sourceTree = "<group>"; };
		795EF7FE211F431800BFACB7 /* CoinPrices.storyboard */ = {isa = PBXFileReference; lastKnownFileType = file.storyboard; path = CoinPrices.storyboard; sourceTree = "<group>"; };
		795EF80021202B5400BFACB7 /* AppModels.swift */ = {isa = PBXFileReference; lastKnownFileType = sourcecode.swift; path = AppModels.swift; sourceTree = "<group>"; };
		795EF80F2127330300BFACB7 /* CoinPricesUseCases.swift */ = {isa = PBXFileReference; lastKnownFileType = sourcecode.swift; path = CoinPricesUseCases.swift; sourceTree = "<group>"; };
		795EF8112127333C00BFACB7 /* CoinPricesModels.swift */ = {isa = PBXFileReference; lastKnownFileType = sourcecode.swift; path = CoinPricesModels.swift; sourceTree = "<group>"; };
		795EF81321274C6100BFACB7 /* CoinPricesInteractor.swift */ = {isa = PBXFileReference; lastKnownFileType = sourcecode.swift; path = CoinPricesInteractor.swift; sourceTree = "<group>"; };
		795EF81521274D7000BFACB7 /* CoinPricesPresenter.swift */ = {isa = PBXFileReference; lastKnownFileType = sourcecode.swift; path = CoinPricesPresenter.swift; sourceTree = "<group>"; };
		7969C00220FF15A400852919 /* Coin95.app */ = {isa = PBXFileReference; explicitFileType = wrapper.application; includeInIndex = 0; path = Coin95.app; sourceTree = BUILT_PRODUCTS_DIR; };
		7969C00C20FF15A600852919 /* Assets.xcassets */ = {isa = PBXFileReference; lastKnownFileType = folder.assetcatalog; path = Assets.xcassets; sourceTree = "<group>"; };
		7969C01120FF15A600852919 /* Info.plist */ = {isa = PBXFileReference; lastKnownFileType = text.plist.xml; path = Info.plist; sourceTree = "<group>"; };
		799E88F0213448BF00454842 /* Point.swift */ = {isa = PBXFileReference; lastKnownFileType = sourcecode.swift; path = Point.swift; sourceTree = "<group>"; };
		799E88F22134648A00454842 /* Formatter.swift */ = {isa = PBXFileReference; lastKnownFileType = sourcecode.swift; path = Formatter.swift; sourceTree = "<group>"; };
		799E88F421346EDE00454842 /* CryptoCompareApi.swift */ = {isa = PBXFileReference; lastKnownFileType = sourcecode.swift; path = CryptoCompareApi.swift; sourceTree = "<group>"; };
		799E88F621346F3E00454842 /* FetchAllCoins.swift */ = {isa = PBXFileReference; lastKnownFileType = sourcecode.swift; path = FetchAllCoins.swift; sourceTree = "<group>"; };
		79B1462F212C2BA50074A94A /* Network.swift */ = {isa = PBXFileReference; lastKnownFileType = sourcecode.swift; path = Network.swift; sourceTree = "<group>"; };
		79B14635212C3FC20074A94A /* Storage.swift */ = {isa = PBXFileReference; lastKnownFileType = sourcecode.swift; path = Storage.swift; sourceTree = "<group>"; };
		79B14637212C3FFE0074A94A /* PersistentObject.swift */ = {isa = PBXFileReference; lastKnownFileType = sourcecode.swift; path = PersistentObject.swift; sourceTree = "<group>"; };
		79B14639212C41060074A94A /* Sorted.swift */ = {isa = PBXFileReference; lastKnownFileType = sourcecode.swift; path = Sorted.swift; sourceTree = "<group>"; };
		79B1463B212C4D6A0074A94A /* RealmStorage.swift */ = {isa = PBXFileReference; lastKnownFileType = sourcecode.swift; path = RealmStorage.swift; sourceTree = "<group>"; };
		79B1463D212C4E8A0074A94A /* StorageConfiguration.swift */ = {isa = PBXFileReference; lastKnownFileType = sourcecode.swift; path = StorageConfiguration.swift; sourceTree = "<group>"; };
		79B1463F212C504C0074A94A /* FetchResult.swift */ = {isa = PBXFileReference; lastKnownFileType = sourcecode.swift; path = FetchResult.swift; sourceTree = "<group>"; };
		79B14646212C53870074A94A /* Coin.swift */ = {isa = PBXFileReference; lastKnownFileType = sourcecode.swift; path = Coin.swift; sourceTree = "<group>"; };
		79B1465B213035810074A94A /* ArrowView.swift */ = {isa = PBXFileReference; lastKnownFileType = sourcecode.swift; path = ArrowView.swift; sourceTree = "<group>"; };
		79CE64A021354E0500CDB432 /* FetchCoinPrices.swift */ = {isa = PBXFileReference; lastKnownFileType = sourcecode.swift; path = FetchCoinPrices.swift; sourceTree = "<group>"; };
		79CE64A42135627E00CDB432 /* Price.swift */ = {isa = PBXFileReference; lastKnownFileType = sourcecode.swift; path = Price.swift; sourceTree = "<group>"; };
		79D5E11A213527A000CA3CD4 /* CoinPricesWorker.swift */ = {isa = PBXFileReference; lastKnownFileType = sourcecode.swift; path = CoinPricesWorker.swift; sourceTree = "<group>"; };
		94CC90EDE360C18497B79772 /* Pods-Coin95.release.xcconfig */ = {isa = PBXFileReference; includeInIndex = 1; lastKnownFileType = text.xcconfig; name = "Pods-Coin95.release.xcconfig"; path = "Pods/Target Support Files/Pods-Coin95/Pods-Coin95.release.xcconfig"; sourceTree = "<group>"; };
/* End PBXFileReference section */

/* Begin PBXFrameworksBuildPhase section */
		7969BFFF20FF15A400852919 /* Frameworks */ = {
			isa = PBXFrameworksBuildPhase;
			buildActionMask = 2147483647;
			files = (
				0C61D8BCB60A4E172D4C6D7D /* Pods_Coin95.framework in Frameworks */,
			);
			runOnlyForDeploymentPostprocessing = 0;
		};
/* End PBXFrameworksBuildPhase section */

/* Begin PBXGroup section */
		292870DABA0BE99195BB2856 /* Pods */ = {
			isa = PBXGroup;
			children = (
				12ED2010B24A3E5EA952B245 /* Pods-Coin95.debug.xcconfig */,
				94CC90EDE360C18497B79772 /* Pods-Coin95.release.xcconfig */,
			);
			name = Pods;
			sourceTree = "<group>";
		};
		71EADEE277BA9380DCE0D32D /* Frameworks */ = {
			isa = PBXGroup;
			children = (
				229EA8B35611509A2E9B7191 /* Pods_Coin95.framework */,
			);
			name = Frameworks;
			sourceTree = "<group>";
		};
		795EF7E9211F1B9300BFACB7 /* Shared */ = {
			isa = PBXGroup;
			children = (
				79B1465A213035730074A94A /* Views */,
				79B14634212C3FB10074A94A /* Storage */,
				795EF7EA211F1BA500BFACB7 /* Coordinator.swift */,
				795EF80021202B5400BFACB7 /* AppModels.swift */,
				79B1462F212C2BA50074A94A /* Network.swift */,
				799E88F22134648A00454842 /* Formatter.swift */,
			);
			path = Shared;
			sourceTree = "<group>";
		};
		795EF7F2211F37CA00BFACB7 /* AppRoot */ = {
			isa = PBXGroup;
			children = (
				795EF7EC211F1BCF00BFACB7 /* AppCoordinator.swift */,
				795EF7DE20FF223900BFACB7 /* AppDelegate.swift */,
			);
			path = AppRoot;
			sourceTree = "<group>";
		};
		795EF7F3211F37DE00BFACB7 /* Scenes */ = {
			isa = PBXGroup;
			children = (
				79B1464B212C76760074A94A /* NewsFeed */,
				795EF7F2211F37CA00BFACB7 /* AppRoot */,
				795EF7F5211F37EF00BFACB7 /* Settings */,
				795EF7F4211F37E900BFACB7 /* CoinPrices */,
			);
			path = Scenes;
			sourceTree = "<group>";
		};
		795EF7F4211F37E900BFACB7 /* CoinPrices */ = {
			isa = PBXGroup;
			children = (
				79B14643212C52CF0074A94A /* Model */,
				795EF817212750BC00BFACB7 /* Workers */,
				795EF80E212732B800BFACB7 /* UseCase */,
				795EF80D212732AD00BFACB7 /* Navigation */,
				795EF80C2127329D00BFACB7 /* View */,
			);
			path = CoinPrices;
			sourceTree = "<group>";
		};
		795EF7F5211F37EF00BFACB7 /* Settings */ = {
			isa = PBXGroup;
			children = (
				795EF7F0211F20C500BFACB7 /* SettingsCoordinator.swift */,
				795EF7E420FF239200BFACB7 /* SettingsViewController.swift */,
				795EF7F6211F39C600BFACB7 /* SettingsViewController.xib */,
			);
			path = Settings;
			sourceTree = "<group>";
		};
		795EF80C2127329D00BFACB7 /* View */ = {
			isa = PBXGroup;
			children = (
				795EF7E220FF237500BFACB7 /* CoinPricesViewController.swift */,
				795EF7FC211F3ADC00BFACB7 /* CoinPriceCell.swift */,
				795EF7FE211F431800BFACB7 /* CoinPrices.storyboard */,
			);
			path = View;
			sourceTree = "<group>";
		};
		795EF80D212732AD00BFACB7 /* Navigation */ = {
			isa = PBXGroup;
			children = (
				795EF7EE211F20B900BFACB7 /* CoinPricesCoordinator.swift */,
			);
			path = Navigation;
			sourceTree = "<group>";
		};
		795EF80E212732B800BFACB7 /* UseCase */ = {
			isa = PBXGroup;
			children = (
				795EF80F2127330300BFACB7 /* CoinPricesUseCases.swift */,
				795EF8112127333C00BFACB7 /* CoinPricesModels.swift */,
				795EF81321274C6100BFACB7 /* CoinPricesInteractor.swift */,
				795EF81521274D7000BFACB7 /* CoinPricesPresenter.swift */,
			);
			path = UseCase;
			sourceTree = "<group>";
		};
		795EF817212750BC00BFACB7 /* Workers */ = {
			isa = PBXGroup;
			children = (
				799E88F421346EDE00454842 /* CryptoCompareApi.swift */,
				799E88F621346F3E00454842 /* FetchAllCoins.swift */,
				79D5E11A213527A000CA3CD4 /* CoinPricesWorker.swift */,
				79CE64A021354E0500CDB432 /* FetchCoinPrices.swift */,
			);
			path = Workers;
			sourceTree = "<group>";
		};
		7969BFF920FF15A400852919 = {
			isa = PBXGroup;
			children = (
				7969C00420FF15A400852919 /* Coin95 */,
				7969C00320FF15A400852919 /* Products */,
				292870DABA0BE99195BB2856 /* Pods */,
				71EADEE277BA9380DCE0D32D /* Frameworks */,
			);
			sourceTree = "<group>";
		};
		7969C00320FF15A400852919 /* Products */ = {
			isa = PBXGroup;
			children = (
				7969C00220FF15A400852919 /* Coin95.app */,
			);
			name = Products;
			sourceTree = "<group>";
		};
		7969C00420FF15A400852919 /* Coin95 */ = {
			isa = PBXGroup;
			children = (
				795EF7F3211F37DE00BFACB7 /* Scenes */,
				795EF7E9211F1B9300BFACB7 /* Shared */,
				7969C00C20FF15A600852919 /* Assets.xcassets */,
				7969C01120FF15A600852919 /* Info.plist */,
			);
			path = Coin95;
			sourceTree = "<group>";
		};
		79B14634212C3FB10074A94A /* Storage */ = {
			isa = PBXGroup;
			children = (
				79B1463F212C504C0074A94A /* FetchResult.swift */,
				79B14637212C3FFE0074A94A /* PersistentObject.swift */,
				79B1463B212C4D6A0074A94A /* RealmStorage.swift */,
				79B14639212C41060074A94A /* Sorted.swift */,
				79B14635212C3FC20074A94A /* Storage.swift */,
				79B1463D212C4E8A0074A94A /* StorageConfiguration.swift */,
			);
			path = Storage;
			sourceTree = "<group>";
		};
		79B14643212C52CF0074A94A /* Model */ = {
			isa = PBXGroup;
			children = (
				79B14646212C53870074A94A /* Coin.swift */,
				799E88F0213448BF00454842 /* Point.swift */,
				79CE64A42135627E00CDB432 /* Price.swift */,
			);
			path = Model;
			sourceTree = "<group>";
		};
		79B1464B212C76760074A94A /* NewsFeed */ = {
			isa = PBXGroup;
			children = (
			);
			path = NewsFeed;
			sourceTree = "<group>";
		};
		79B1465A213035730074A94A /* Views */ = {
			isa = PBXGroup;
			children = (
				79B1465B213035810074A94A /* ArrowView.swift */,
			);
			path = Views;
			sourceTree = "<group>";
		};
/* End PBXGroup section */

/* Begin PBXNativeTarget section */
		7969C00120FF15A400852919 /* Coin95 */ = {
			isa = PBXNativeTarget;
			buildConfigurationList = 7969C01420FF15A600852919 /* Build configuration list for PBXNativeTarget "Coin95" */;
			buildPhases = (
				0647A821435C123C960D7EB4 /* [CP] Check Pods Manifest.lock */,
				7969BFFE20FF15A400852919 /* Sources */,
				7969BFFF20FF15A400852919 /* Frameworks */,
				7969C00020FF15A400852919 /* Resources */,
				F3C9BA51C2464228F91C5FFB /* [CP] Embed Pods Frameworks */,
			);
			buildRules = (
			);
			dependencies = (
			);
			name = Coin95;
			productName = Coin95;
			productReference = 7969C00220FF15A400852919 /* Coin95.app */;
			productType = "com.apple.product-type.application";
		};
/* End PBXNativeTarget section */

/* Begin PBXProject section */
		7969BFFA20FF15A400852919 /* Project object */ = {
			isa = PBXProject;
			attributes = {
				LastSwiftUpdateCheck = 0940;
				LastUpgradeCheck = 0940;
				ORGANIZATIONNAME = "Yevhen Velizhenkov";
				TargetAttributes = {
					7969C00120FF15A400852919 = {
						CreatedOnToolsVersion = 9.4.1;
					};
				};
			};
			buildConfigurationList = 7969BFFD20FF15A400852919 /* Build configuration list for PBXProject "Coin95" */;
			compatibilityVersion = "Xcode 9.3";
			developmentRegion = en;
			hasScannedForEncodings = 0;
			knownRegions = (
				en,
				Base,
			);
			mainGroup = 7969BFF920FF15A400852919;
			productRefGroup = 7969C00320FF15A400852919 /* Products */;
			projectDirPath = "";
			projectRoot = "";
			targets = (
				7969C00120FF15A400852919 /* Coin95 */,
			);
		};
/* End PBXProject section */

/* Begin PBXResourcesBuildPhase section */
		7969C00020FF15A400852919 /* Resources */ = {
			isa = PBXResourcesBuildPhase;
			buildActionMask = 2147483647;
			files = (
				7969C00D20FF15A600852919 /* Assets.xcassets in Resources */,
				795EF7FF211F431800BFACB7 /* CoinPrices.storyboard in Resources */,
				795EF7F7211F39C600BFACB7 /* SettingsViewController.xib in Resources */,
			);
			runOnlyForDeploymentPostprocessing = 0;
		};
/* End PBXResourcesBuildPhase section */

/* Begin PBXShellScriptBuildPhase section */
		0647A821435C123C960D7EB4 /* [CP] Check Pods Manifest.lock */ = {
			isa = PBXShellScriptBuildPhase;
			buildActionMask = 2147483647;
			files = (
			);
			inputPaths = (
				"${PODS_PODFILE_DIR_PATH}/Podfile.lock",
				"${PODS_ROOT}/Manifest.lock",
			);
			name = "[CP] Check Pods Manifest.lock";
			outputPaths = (
				"$(DERIVED_FILE_DIR)/Pods-Coin95-checkManifestLockResult.txt",
			);
			runOnlyForDeploymentPostprocessing = 0;
			shellPath = /bin/sh;
			shellScript = "diff \"${PODS_PODFILE_DIR_PATH}/Podfile.lock\" \"${PODS_ROOT}/Manifest.lock\" > /dev/null\nif [ $? != 0 ] ; then\n    # print error to STDERR\n    echo \"error: The sandbox is not in sync with the Podfile.lock. Run 'pod install' or update your CocoaPods installation.\" >&2\n    exit 1\nfi\n# This output is used by Xcode 'outputs' to avoid re-running this script phase.\necho \"SUCCESS\" > \"${SCRIPT_OUTPUT_FILE_0}\"\n";
			showEnvVarsInLog = 0;
		};
		F3C9BA51C2464228F91C5FFB /* [CP] Embed Pods Frameworks */ = {
			isa = PBXShellScriptBuildPhase;
			buildActionMask = 2147483647;
			files = (
			);
			inputPaths = (
				"${SRCROOT}/Pods/Target Support Files/Pods-Coin95/Pods-Coin95-frameworks.sh",
				"${BUILT_PRODUCTS_DIR}/Charts/Charts.framework",
				"${BUILT_PRODUCTS_DIR}/Kingfisher/Kingfisher.framework",
				"${BUILT_PRODUCTS_DIR}/PromisesObjC/FBLPromises.framework",
				"${BUILT_PRODUCTS_DIR}/PromisesSwift/Promises.framework",
				"${BUILT_PRODUCTS_DIR}/Reachability/Reachability.framework",
				"${BUILT_PRODUCTS_DIR}/Realm/Realm.framework",
				"${BUILT_PRODUCTS_DIR}/RealmSwift/RealmSwift.framework",
			);
			name = "[CP] Embed Pods Frameworks";
			outputPaths = (
				"${TARGET_BUILD_DIR}/${FRAMEWORKS_FOLDER_PATH}/Charts.framework",
				"${TARGET_BUILD_DIR}/${FRAMEWORKS_FOLDER_PATH}/Kingfisher.framework",
				"${TARGET_BUILD_DIR}/${FRAMEWORKS_FOLDER_PATH}/FBLPromises.framework",
				"${TARGET_BUILD_DIR}/${FRAMEWORKS_FOLDER_PATH}/Promises.framework",
				"${TARGET_BUILD_DIR}/${FRAMEWORKS_FOLDER_PATH}/Reachability.framework",
				"${TARGET_BUILD_DIR}/${FRAMEWORKS_FOLDER_PATH}/Realm.framework",
				"${TARGET_BUILD_DIR}/${FRAMEWORKS_FOLDER_PATH}/RealmSwift.framework",
			);
			runOnlyForDeploymentPostprocessing = 0;
			shellPath = /bin/sh;
			shellScript = "\"${SRCROOT}/Pods/Target Support Files/Pods-Coin95/Pods-Coin95-frameworks.sh\"\n";
			showEnvVarsInLog = 0;
		};
/* End PBXShellScriptBuildPhase section */

/* Begin PBXSourcesBuildPhase section */
		7969BFFE20FF15A400852919 /* Sources */ = {
			isa = PBXSourcesBuildPhase;
			buildActionMask = 2147483647;
			files = (
				795EF8102127330300BFACB7 /* CoinPricesUseCases.swift in Sources */,
				795EF8122127333C00BFACB7 /* CoinPricesModels.swift in Sources */,
				79B1463A212C41060074A94A /* Sorted.swift in Sources */,
				799E88F32134648A00454842 /* Formatter.swift in Sources */,
				795EF7DF20FF223900BFACB7 /* AppDelegate.swift in Sources */,
				799E88F721346F3E00454842 /* FetchAllCoins.swift in Sources */,
				795EF7F1211F20C500BFACB7 /* SettingsCoordinator.swift in Sources */,
				79B14640212C504C0074A94A /* FetchResult.swift in Sources */,
				79B1465C213035810074A94A /* ArrowView.swift in Sources */,
				79CE64A121354E0500CDB432 /* FetchCoinPrices.swift in Sources */,
				79D5E11B213527A000CA3CD4 /* CoinPricesWorker.swift in Sources */,
				795EF81621274D7000BFACB7 /* CoinPricesPresenter.swift in Sources */,
				795EF7EB211F1BA500BFACB7 /* Coordinator.swift in Sources */,
				79B1463C212C4D6A0074A94A /* RealmStorage.swift in Sources */,
				795EF7E520FF239200BFACB7 /* SettingsViewController.swift in Sources */,
				799E88F521346EDE00454842 /* CryptoCompareApi.swift in Sources */,
				795EF7E320FF237500BFACB7 /* CoinPricesViewController.swift in Sources */,
				795EF7ED211F1BCF00BFACB7 /* AppCoordinator.swift in Sources */,
				795EF7EF211F20B900BFACB7 /* CoinPricesCoordinator.swift in Sources */,
				79B14638212C3FFE0074A94A /* PersistentObject.swift in Sources */,
				79B14630212C2BA50074A94A /* Network.swift in Sources */,
				79B1463E212C4E8A0074A94A /* StorageConfiguration.swift in Sources */,
				79CE64A52135627E00CDB432 /* Price.swift in Sources */,
				795EF80121202B5400BFACB7 /* AppModels.swift in Sources */,
				795EF7FD211F3ADC00BFACB7 /* CoinPriceCell.swift in Sources */,
				799E88F1213448BF00454842 /* Point.swift in Sources */,
				79B14636212C3FC20074A94A /* Storage.swift in Sources */,
				79B14647212C53870074A94A /* Coin.swift in Sources */,
				795EF81421274C6100BFACB7 /* CoinPricesInteractor.swift in Sources */,
			);
			runOnlyForDeploymentPostprocessing = 0;
		};
/* End PBXSourcesBuildPhase section */

/* Begin XCBuildConfiguration section */
		7969C01220FF15A600852919 /* Debug */ = {
			isa = XCBuildConfiguration;
			buildSettings = {
				ALWAYS_SEARCH_USER_PATHS = NO;
				CLANG_ANALYZER_NONNULL = YES;
				CLANG_ANALYZER_NUMBER_OBJECT_CONVERSION = YES_AGGRESSIVE;
				CLANG_CXX_LANGUAGE_STANDARD = "gnu++14";
				CLANG_CXX_LIBRARY = "libc++";
				CLANG_ENABLE_MODULES = YES;
				CLANG_ENABLE_OBJC_ARC = YES;
				CLANG_ENABLE_OBJC_WEAK = YES;
				CLANG_WARN_BLOCK_CAPTURE_AUTORELEASING = YES;
				CLANG_WARN_BOOL_CONVERSION = YES;
				CLANG_WARN_COMMA = YES;
				CLANG_WARN_CONSTANT_CONVERSION = YES;
				CLANG_WARN_DEPRECATED_OBJC_IMPLEMENTATIONS = YES;
				CLANG_WARN_DIRECT_OBJC_ISA_USAGE = YES_ERROR;
				CLANG_WARN_DOCUMENTATION_COMMENTS = YES;
				CLANG_WARN_EMPTY_BODY = YES;
				CLANG_WARN_ENUM_CONVERSION = YES;
				CLANG_WARN_INFINITE_RECURSION = YES;
				CLANG_WARN_INT_CONVERSION = YES;
				CLANG_WARN_NON_LITERAL_NULL_CONVERSION = YES;
				CLANG_WARN_OBJC_IMPLICIT_RETAIN_SELF = YES;
				CLANG_WARN_OBJC_LITERAL_CONVERSION = YES;
				CLANG_WARN_OBJC_ROOT_CLASS = YES_ERROR;
				CLANG_WARN_RANGE_LOOP_ANALYSIS = YES;
				CLANG_WARN_STRICT_PROTOTYPES = YES;
				CLANG_WARN_SUSPICIOUS_MOVE = YES;
				CLANG_WARN_UNGUARDED_AVAILABILITY = YES_AGGRESSIVE;
				CLANG_WARN_UNREACHABLE_CODE = YES;
				CLANG_WARN__DUPLICATE_METHOD_MATCH = YES;
				CODE_SIGN_IDENTITY = "iPhone Developer";
				COPY_PHASE_STRIP = NO;
				DEBUG_INFORMATION_FORMAT = dwarf;
				ENABLE_STRICT_OBJC_MSGSEND = YES;
				ENABLE_TESTABILITY = YES;
				GCC_C_LANGUAGE_STANDARD = gnu11;
				GCC_DYNAMIC_NO_PIC = NO;
				GCC_NO_COMMON_BLOCKS = YES;
				GCC_OPTIMIZATION_LEVEL = 0;
				GCC_PREPROCESSOR_DEFINITIONS = (
					"DEBUG=1",
					"$(inherited)",
				);
				GCC_WARN_64_TO_32_BIT_CONVERSION = YES;
				GCC_WARN_ABOUT_RETURN_TYPE = YES_ERROR;
				GCC_WARN_UNDECLARED_SELECTOR = YES;
				GCC_WARN_UNINITIALIZED_AUTOS = YES_AGGRESSIVE;
				GCC_WARN_UNUSED_FUNCTION = YES;
				GCC_WARN_UNUSED_VARIABLE = YES;
				IPHONEOS_DEPLOYMENT_TARGET = 11.4;
				MTL_ENABLE_DEBUG_INFO = YES;
				ONLY_ACTIVE_ARCH = YES;
				SDKROOT = iphoneos;
				SWIFT_ACTIVE_COMPILATION_CONDITIONS = DEBUG;
				SWIFT_OPTIMIZATION_LEVEL = "-Onone";
			};
			name = Debug;
		};
		7969C01320FF15A600852919 /* Release */ = {
			isa = XCBuildConfiguration;
			buildSettings = {
				ALWAYS_SEARCH_USER_PATHS = NO;
				CLANG_ANALYZER_NONNULL = YES;
				CLANG_ANALYZER_NUMBER_OBJECT_CONVERSION = YES_AGGRESSIVE;
				CLANG_CXX_LANGUAGE_STANDARD = "gnu++14";
				CLANG_CXX_LIBRARY = "libc++";
				CLANG_ENABLE_MODULES = YES;
				CLANG_ENABLE_OBJC_ARC = YES;
				CLANG_ENABLE_OBJC_WEAK = YES;
				CLANG_WARN_BLOCK_CAPTURE_AUTORELEASING = YES;
				CLANG_WARN_BOOL_CONVERSION = YES;
				CLANG_WARN_COMMA = YES;
				CLANG_WARN_CONSTANT_CONVERSION = YES;
				CLANG_WARN_DEPRECATED_OBJC_IMPLEMENTATIONS = YES;
				CLANG_WARN_DIRECT_OBJC_ISA_USAGE = YES_ERROR;
				CLANG_WARN_DOCUMENTATION_COMMENTS = YES;
				CLANG_WARN_EMPTY_BODY = YES;
				CLANG_WARN_ENUM_CONVERSION = YES;
				CLANG_WARN_INFINITE_RECURSION = YES;
				CLANG_WARN_INT_CONVERSION = YES;
				CLANG_WARN_NON_LITERAL_NULL_CONVERSION = YES;
				CLANG_WARN_OBJC_IMPLICIT_RETAIN_SELF = YES;
				CLANG_WARN_OBJC_LITERAL_CONVERSION = YES;
				CLANG_WARN_OBJC_ROOT_CLASS = YES_ERROR;
				CLANG_WARN_RANGE_LOOP_ANALYSIS = YES;
				CLANG_WARN_STRICT_PROTOTYPES = YES;
				CLANG_WARN_SUSPICIOUS_MOVE = YES;
				CLANG_WARN_UNGUARDED_AVAILABILITY = YES_AGGRESSIVE;
				CLANG_WARN_UNREACHABLE_CODE = YES;
				CLANG_WARN__DUPLICATE_METHOD_MATCH = YES;
				CODE_SIGN_IDENTITY = "iPhone Developer";
				COPY_PHASE_STRIP = NO;
				DEBUG_INFORMATION_FORMAT = "dwarf-with-dsym";
				ENABLE_NS_ASSERTIONS = NO;
				ENABLE_STRICT_OBJC_MSGSEND = YES;
				GCC_C_LANGUAGE_STANDARD = gnu11;
				GCC_NO_COMMON_BLOCKS = YES;
				GCC_WARN_64_TO_32_BIT_CONVERSION = YES;
				GCC_WARN_ABOUT_RETURN_TYPE = YES_ERROR;
				GCC_WARN_UNDECLARED_SELECTOR = YES;
				GCC_WARN_UNINITIALIZED_AUTOS = YES_AGGRESSIVE;
				GCC_WARN_UNUSED_FUNCTION = YES;
				GCC_WARN_UNUSED_VARIABLE = YES;
				IPHONEOS_DEPLOYMENT_TARGET = 11.4;
				MTL_ENABLE_DEBUG_INFO = NO;
				SDKROOT = iphoneos;
				SWIFT_COMPILATION_MODE = wholemodule;
				SWIFT_OPTIMIZATION_LEVEL = "-O";
				VALIDATE_PRODUCT = YES;
			};
			name = Release;
		};
		7969C01520FF15A600852919 /* Debug */ = {
			isa = XCBuildConfiguration;
			baseConfigurationReference = 12ED2010B24A3E5EA952B245 /* Pods-Coin95.debug.xcconfig */;
			buildSettings = {
				ASSETCATALOG_COMPILER_APPICON_NAME = AppIcon;
				CODE_SIGN_STYLE = Automatic;
				DEVELOPMENT_TEAM = A3J3S3699E;
				INFOPLIST_FILE = Coin95/Info.plist;
				LD_RUNPATH_SEARCH_PATHS = (
					"$(inherited)",
					"@executable_path/Frameworks",
				);
				PRODUCT_BUNDLE_IDENTIFIER = com.tapkain.Coin95;
				PRODUCT_NAME = "$(TARGET_NAME)";
				SWIFT_VERSION = 4.0;
				TARGETED_DEVICE_FAMILY = "1,2";
			};
			name = Debug;
		};
		7969C01620FF15A600852919 /* Release */ = {
			isa = XCBuildConfiguration;
			baseConfigurationReference = 94CC90EDE360C18497B79772 /* Pods-Coin95.release.xcconfig */;
			buildSettings = {
				ASSETCATALOG_COMPILER_APPICON_NAME = AppIcon;
				CODE_SIGN_STYLE = Automatic;
				DEVELOPMENT_TEAM = A3J3S3699E;
				INFOPLIST_FILE = Coin95/Info.plist;
				LD_RUNPATH_SEARCH_PATHS = (
					"$(inherited)",
					"@executable_path/Frameworks",
				);
				PRODUCT_BUNDLE_IDENTIFIER = com.tapkain.Coin95;
				PRODUCT_NAME = "$(TARGET_NAME)";
				SWIFT_VERSION = 4.0;
				TARGETED_DEVICE_FAMILY = "1,2";
			};
			name = Release;
		};
/* End XCBuildConfiguration section */

/* Begin XCConfigurationList section */
		7969BFFD20FF15A400852919 /* Build configuration list for PBXProject "Coin95" */ = {
			isa = XCConfigurationList;
			buildConfigurations = (
				7969C01220FF15A600852919 /* Debug */,
				7969C01320FF15A600852919 /* Release */,
			);
			defaultConfigurationIsVisible = 0;
			defaultConfigurationName = Release;
		};
		7969C01420FF15A600852919 /* Build configuration list for PBXNativeTarget "Coin95" */ = {
			isa = XCConfigurationList;
			buildConfigurations = (
				7969C01520FF15A600852919 /* Debug */,
				7969C01620FF15A600852919 /* Release */,
			);
			defaultConfigurationIsVisible = 0;
			defaultConfigurationName = Release;
		};
/* End XCConfigurationList section */
	};
	rootObject = 7969BFFA20FF15A400852919 /* Project object */;
}
